
Microsoft Visual Studio Solution File, Format Version 12.00
# Visual Studio Version 16
VisualStudioVersion = 16.0.31205.134
MinimumVisualStudioVersion = 10.0.40219.1
Project("{FAE04EC0-301F-11D3-BF4B-00C04F79EFBC}") = "LearnConsole", "LearnConsole\LearnConsole.csproj", "{EE61CCD7-DDAA-4EDB-8368-0F6BF238AF6B}"
EndProject
Global
	GlobalSection(SolutionConfigurationPlatforms) = preSolution
		Debug|Any CPU = Debug|Any CPU
		Release|Any CPU = Release|Any CPU
	EndGlobalSection
	GlobalSection(ProjectConfigurationPlatforms) = postSolution
		{EE61CCD7-DDAA-4EDB-8368-0F6BF238AF6B}.Debug|Any CPU.ActiveCfg = Debug|Any CPU
		{EE61CCD7-DDAA-4EDB-8368-0F6BF238AF6B}.Debug|Any CPU.Build.0 = Debug|Any CPU
		{EE61CCD7-DDAA-4EDB-8368-0F6BF238AF6B}.Release|Any CPU.ActiveCfg = Release|Any CPU
		{EE61CCD7-DDAA-4EDB-8368-0F6BF238AF6B}.Release|Any CPU.Build.0 = Release|Any CPU
	EndGlobalSection
	GlobalSection(SolutionProperties) = preSolution
		HideSolutionNode = FALSE
	EndGlobalSection
	GlobalSection(ExtensibilityGlobals) = postSolution
		SolutionGuid = {87138D34-7926-4F4A-ADFC-36FE5AE7C10E}
	EndGlobalSection
EndGlobal
